// !$*UTF8*$!
{
	archiveVersion = 1;
	classes = {
	};
	objectVersion = 46;
	objects = {

/* Begin PBXBuildFile section */
		52AAD213171EF79B00947FB0 /* QuartzCore.framework in Frameworks */ = {isa = PBXBuildFile; fileRef = 52AAD212171EF79B00947FB0 /* QuartzCore.framework */; };
		52AAD215171F016C00947FB0 /* FeederTest.png in Resources */ = {isa = PBXBuildFile; fileRef = 52AAD214171F016B00947FB0 /* FeederTest.png */; };
		AFB444D6171AEE2700E9A270 /* UIKit.framework in Frameworks */ = {isa = PBXBuildFile; fileRef = AFB444D5171AEE2700E9A270 /* UIKit.framework */; };
		AFB444D8171AEE2700E9A270 /* Foundation.framework in Frameworks */ = {isa = PBXBuildFile; fileRef = AFB444D7171AEE2700E9A270 /* Foundation.framework */; };
		AFB444DA171AEE2700E9A270 /* CoreGraphics.framework in Frameworks */ = {isa = PBXBuildFile; fileRef = AFB444D9171AEE2700E9A270 /* CoreGraphics.framework */; };
		AFB444E0171AEE2700E9A270 /* InfoPlist.strings in Resources */ = {isa = PBXBuildFile; fileRef = AFB444DE171AEE2700E9A270 /* InfoPlist.strings */; };
		AFB444E2171AEE2700E9A270 /* main.m in Sources */ = {isa = PBXBuildFile; fileRef = AFB444E1171AEE2700E9A270 /* main.m */; };
		AFD5FA05171CDF570071A953 /* CLMAppDelegate.m in Sources */ = {isa = PBXBuildFile; fileRef = AFD5F9D5171CDF570071A953 /* CLMAppDelegate.m */; };
		AFD5FA06171CDF570071A953 /* AFHTTPClient.m in Sources */ = {isa = PBXBuildFile; fileRef = AFD5F9DA171CDF570071A953 /* AFHTTPClient.m */; };
		AFD5FA07171CDF570071A953 /* AFHTTPRequestOperation.m in Sources */ = {isa = PBXBuildFile; fileRef = AFD5F9DC171CDF570071A953 /* AFHTTPRequestOperation.m */; };
		AFD5FA08171CDF570071A953 /* AFImageRequestOperation.m in Sources */ = {isa = PBXBuildFile; fileRef = AFD5F9DE171CDF570071A953 /* AFImageRequestOperation.m */; };
		AFD5FA09171CDF570071A953 /* AFJSONRequestOperation.m in Sources */ = {isa = PBXBuildFile; fileRef = AFD5F9E0171CDF570071A953 /* AFJSONRequestOperation.m */; };
		AFD5FA0A171CDF570071A953 /* AFNetworkActivityIndicatorManager.m in Sources */ = {isa = PBXBuildFile; fileRef = AFD5F9E2171CDF570071A953 /* AFNetworkActivityIndicatorManager.m */; };
		AFD5FA0B171CDF570071A953 /* AFPropertyListRequestOperation.m in Sources */ = {isa = PBXBuildFile; fileRef = AFD5F9E5171CDF570071A953 /* AFPropertyListRequestOperation.m */; };
		AFD5FA0C171CDF570071A953 /* AFURLConnectionOperation.m in Sources */ = {isa = PBXBuildFile; fileRef = AFD5F9E7171CDF570071A953 /* AFURLConnectionOperation.m */; };
		AFD5FA0D171CDF570071A953 /* AFXMLRequestOperation.m in Sources */ = {isa = PBXBuildFile; fileRef = AFD5F9E9171CDF570071A953 /* AFXMLRequestOperation.m */; };
		AFD5FA0E171CDF570071A953 /* UIImageView+AFNetworking.m in Sources */ = {isa = PBXBuildFile; fileRef = AFD5F9EB171CDF570071A953 /* UIImageView+AFNetworking.m */; };
		AFD5FA0F171CDF570071A953 /* Default-568h@2x.png in Resources */ = {isa = PBXBuildFile; fileRef = AFD5F9F3171CDF570071A953 /* Default-568h@2x.png */; };
		AFD5FA10171CDF570071A953 /* Default.png in Resources */ = {isa = PBXBuildFile; fileRef = AFD5F9F4171CDF570071A953 /* Default.png */; };
		AFD5FA11171CDF570071A953 /* Default@2x.png in Resources */ = {isa = PBXBuildFile; fileRef = AFD5F9F5171CDF570071A953 /* Default@2x.png */; };
		AFD5FA12171CDF570071A953 /* test1.jpg in Resources */ = {isa = PBXBuildFile; fileRef = AFD5F9FA171CDF570071A953 /* test1.jpg */; };
		AFD5FA13171CDF570071A953 /* test10.jpg in Resources */ = {isa = PBXBuildFile; fileRef = AFD5F9FB171CDF570071A953 /* test10.jpg */; };
		AFD5FA14171CDF570071A953 /* test2.jpg in Resources */ = {isa = PBXBuildFile; fileRef = AFD5F9FC171CDF570071A953 /* test2.jpg */; };
		AFD5FA15171CDF570071A953 /* test3.jpg in Resources */ = {isa = PBXBuildFile; fileRef = AFD5F9FD171CDF570071A953 /* test3.jpg */; };
		AFD5FA16171CDF570071A953 /* test4.jpg in Resources */ = {isa = PBXBuildFile; fileRef = AFD5F9FE171CDF570071A953 /* test4.jpg */; };
		AFD5FA17171CDF570071A953 /* test5.jpg in Resources */ = {isa = PBXBuildFile; fileRef = AFD5F9FF171CDF570071A953 /* test5.jpg */; };
		AFD5FA18171CDF570071A953 /* test6.jpg in Resources */ = {isa = PBXBuildFile; fileRef = AFD5FA00171CDF570071A953 /* test6.jpg */; };
		AFD5FA19171CDF570071A953 /* test7.jpg in Resources */ = {isa = PBXBuildFile; fileRef = AFD5FA01171CDF570071A953 /* test7.jpg */; };
		AFD5FA1A171CDF570071A953 /* test8.jpg in Resources */ = {isa = PBXBuildFile; fileRef = AFD5FA02171CDF570071A953 /* test8.jpg */; };
		AFD5FA1B171CDF570071A953 /* test9.jpg in Resources */ = {isa = PBXBuildFile; fileRef = AFD5FA03171CDF570071A953 /* test9.jpg */; };
		AFF2C7C8171CEAED004F1F5A /* Security.framework in Frameworks */ = {isa = PBXBuildFile; fileRef = AFF2C7C7171CEAED004F1F5A /* Security.framework */; };
		AFF2C7CA171CEAF4004F1F5A /* SystemConfiguration.framework in Frameworks */ = {isa = PBXBuildFile; fileRef = AFF2C7C9171CEAF4004F1F5A /* SystemConfiguration.framework */; };
		AFF2C7D5171CEDC0004F1F5A /* GTMHTTPFetcher.m in Sources */ = {isa = PBXBuildFile; fileRef = AFF2C7CD171CEDC0004F1F5A /* GTMHTTPFetcher.m */; settings = {COMPILER_FLAGS = "-fno-objc-arc"; }; };
		AFF2C7D6171CEDC0004F1F5A /* GTMOAuth2Authentication.m in Sources */ = {isa = PBXBuildFile; fileRef = AFF2C7CF171CEDC0004F1F5A /* GTMOAuth2Authentication.m */; settings = {COMPILER_FLAGS = "-fno-objc-arc"; }; };
		AFF2C7D7171CEDC0004F1F5A /* GTMOAuth2SignIn.m in Sources */ = {isa = PBXBuildFile; fileRef = AFF2C7D1171CEDC0004F1F5A /* GTMOAuth2SignIn.m */; settings = {COMPILER_FLAGS = "-fno-objc-arc"; }; };
		AFF2C7D8171CEDC0004F1F5A /* GTMOAuth2ViewControllerTouch.m in Sources */ = {isa = PBXBuildFile; fileRef = AFF2C7D3171CEDC0004F1F5A /* GTMOAuth2ViewControllerTouch.m */; settings = {COMPILER_FLAGS = "-fno-objc-arc"; }; };
		AFF2C7D9171CEDC0004F1F5A /* GTMOAuth2ViewTouch.xib in Resources */ = {isa = PBXBuildFile; fileRef = AFF2C7D4171CEDC0004F1F5A /* GTMOAuth2ViewTouch.xib */; };
		AFF2C7E1171D8550004F1F5A /* facebook_icon.png in Resources */ = {isa = PBXBuildFile; fileRef = AFF2C7DB171D8550004F1F5A /* facebook_icon.png */; };
		AFF2C7E2171D8550004F1F5A /* facebook_icon@2x.png in Resources */ = {isa = PBXBuildFile; fileRef = AFF2C7DC171D8550004F1F5A /* facebook_icon@2x.png */; };
		AFF2C7E3171D8550004F1F5A /* google_icon.png in Resources */ = {isa = PBXBuildFile; fileRef = AFF2C7DD171D8550004F1F5A /* google_icon.png */; };
		AFF2C7E4171D8550004F1F5A /* google_icon@2x.png in Resources */ = {isa = PBXBuildFile; fileRef = AFF2C7DE171D8550004F1F5A /* google_icon@2x.png */; };
		AFF2C7E5171D8550004F1F5A /* twitter_icon.png in Resources */ = {isa = PBXBuildFile; fileRef = AFF2C7DF171D8550004F1F5A /* twitter_icon.png */; };
		AFF2C7E6171D8550004F1F5A /* twitter_icon@2x.png in Resources */ = {isa = PBXBuildFile; fileRef = AFF2C7E0171D8550004F1F5A /* twitter_icon@2x.png */; };
		AFF2C7E8171E6251004F1F5A /* FeederTestLogo.png in Resources */ = {isa = PBXBuildFile; fileRef = AFF2C7E7171E6251004F1F5A /* FeederTestLogo.png */; };
		AFF2C7EB171E6283004F1F5A /* CLMLoginViewController.m in Sources */ = {isa = PBXBuildFile; fileRef = AFF2C7EA171E6283004F1F5A /* CLMLoginViewController.m */; };
		AFF2C7EE171E62A7004F1F5A /* CLMLoginViewController.xib in Resources */ = {isa = PBXBuildFile; fileRef = AFF2C7ED171E62A7004F1F5A /* CLMLoginViewController.xib */; };
		AFF2C7F1171E635E004F1F5A /* CLMApplicationViewController.m in Sources */ = {isa = PBXBuildFile; fileRef = AFF2C7F0171E635E004F1F5A /* CLMApplicationViewController.m */; };
/* End PBXBuildFile section */

/* Begin PBXFileReference section */
		52AAD212171EF79B00947FB0 /* QuartzCore.framework */ = {isa = PBXFileReference; lastKnownFileType = wrapper.framework; name = QuartzCore.framework; path = System/Library/Frameworks/QuartzCore.framework; sourceTree = SDKROOT; };
		52AAD214171F016B00947FB0 /* FeederTest.png */ = {isa = PBXFileReference; lastKnownFileType = image.png; path = FeederTest.png; sourceTree = "<group>"; };
		AFB444D2171AEE2700E9A270 /* Feeder.app */ = {isa = PBXFileReference; explicitFileType = wrapper.application; includeInIndex = 0; path = Feeder.app; sourceTree = BUILT_PRODUCTS_DIR; };
		AFB444D5171AEE2700E9A270 /* UIKit.framework */ = {isa = PBXFileReference; lastKnownFileType = wrapper.framework; name = UIKit.framework; path = System/Library/Frameworks/UIKit.framework; sourceTree = SDKROOT; };
		AFB444D7171AEE2700E9A270 /* Foundation.framework */ = {isa = PBXFileReference; lastKnownFileType = wrapper.framework; name = Foundation.framework; path = System/Library/Frameworks/Foundation.framework; sourceTree = SDKROOT; };
		AFB444D9171AEE2700E9A270 /* CoreGraphics.framework */ = {isa = PBXFileReference; lastKnownFileType = wrapper.framework; name = CoreGraphics.framework; path = System/Library/Frameworks/CoreGraphics.framework; sourceTree = SDKROOT; };
		AFB444DD171AEE2700E9A270 /* Feeder-Info.plist */ = {isa = PBXFileReference; lastKnownFileType = text.plist.xml; path = "Feeder-Info.plist"; sourceTree = "<group>"; };
		AFB444DF171AEE2700E9A270 /* en */ = {isa = PBXFileReference; lastKnownFileType = text.plist.strings; name = en; path = en.lproj/InfoPlist.strings; sourceTree = "<group>"; };
		AFB444E1171AEE2700E9A270 /* main.m */ = {isa = PBXFileReference; lastKnownFileType = sourcecode.c.objc; path = main.m; sourceTree = "<group>"; };
		AFB444E3171AEE2700E9A270 /* Feeder-Prefix.pch */ = {isa = PBXFileReference; lastKnownFileType = sourcecode.c.h; path = "Feeder-Prefix.pch"; sourceTree = "<group>"; };
		AFD5F9D4171CDF570071A953 /* CLMAppDelegate.h */ = {isa = PBXFileReference; fileEncoding = 4; lastKnownFileType = sourcecode.c.h; path = CLMAppDelegate.h; sourceTree = "<group>"; };
		AFD5F9D5171CDF570071A953 /* CLMAppDelegate.m */ = {isa = PBXFileReference; fileEncoding = 4; lastKnownFileType = sourcecode.c.objc; path = CLMAppDelegate.m; sourceTree = "<group>"; };
		AFD5F9D9171CDF570071A953 /* AFHTTPClient.h */ = {isa = PBXFileReference; fileEncoding = 4; lastKnownFileType = sourcecode.c.h; path = AFHTTPClient.h; sourceTree = "<group>"; };
		AFD5F9DA171CDF570071A953 /* AFHTTPClient.m */ = {isa = PBXFileReference; fileEncoding = 4; lastKnownFileType = sourcecode.c.objc; path = AFHTTPClient.m; sourceTree = "<group>"; };
		AFD5F9DB171CDF570071A953 /* AFHTTPRequestOperation.h */ = {isa = PBXFileReference; fileEncoding = 4; lastKnownFileType = sourcecode.c.h; path = AFHTTPRequestOperation.h; sourceTree = "<group>"; };
		AFD5F9DC171CDF570071A953 /* AFHTTPRequestOperation.m */ = {isa = PBXFileReference; fileEncoding = 4; lastKnownFileType = sourcecode.c.objc; path = AFHTTPRequestOperation.m; sourceTree = "<group>"; };
		AFD5F9DD171CDF570071A953 /* AFImageRequestOperation.h */ = {isa = PBXFileReference; fileEncoding = 4; lastKnownFileType = sourcecode.c.h; path = AFImageRequestOperation.h; sourceTree = "<group>"; };
		AFD5F9DE171CDF570071A953 /* AFImageRequestOperation.m */ = {isa = PBXFileReference; fileEncoding = 4; lastKnownFileType = sourcecode.c.objc; path = AFImageRequestOperation.m; sourceTree = "<group>"; };
		AFD5F9DF171CDF570071A953 /* AFJSONRequestOperation.h */ = {isa = PBXFileReference; fileEncoding = 4; lastKnownFileType = sourcecode.c.h; path = AFJSONRequestOperation.h; sourceTree = "<group>"; };
		AFD5F9E0171CDF570071A953 /* AFJSONRequestOperation.m */ = {isa = PBXFileReference; fileEncoding = 4; lastKnownFileType = sourcecode.c.objc; path = AFJSONRequestOperation.m; sourceTree = "<group>"; };
		AFD5F9E1171CDF570071A953 /* AFNetworkActivityIndicatorManager.h */ = {isa = PBXFileReference; fileEncoding = 4; lastKnownFileType = sourcecode.c.h; path = AFNetworkActivityIndicatorManager.h; sourceTree = "<group>"; };
		AFD5F9E2171CDF570071A953 /* AFNetworkActivityIndicatorManager.m */ = {isa = PBXFileReference; fileEncoding = 4; lastKnownFileType = sourcecode.c.objc; path = AFNetworkActivityIndicatorManager.m; sourceTree = "<group>"; };
		AFD5F9E3171CDF570071A953 /* AFNetworking.h */ = {isa = PBXFileReference; fileEncoding = 4; lastKnownFileType = sourcecode.c.h; path = AFNetworking.h; sourceTree = "<group>"; };
		AFD5F9E4171CDF570071A953 /* AFPropertyListRequestOperation.h */ = {isa = PBXFileReference; fileEncoding = 4; lastKnownFileType = sourcecode.c.h; path = AFPropertyListRequestOperation.h; sourceTree = "<group>"; };
		AFD5F9E5171CDF570071A953 /* AFPropertyListRequestOperation.m */ = {isa = PBXFileReference; fileEncoding = 4; lastKnownFileType = sourcecode.c.objc; path = AFPropertyListRequestOperation.m; sourceTree = "<group>"; };
		AFD5F9E6171CDF570071A953 /* AFURLConnectionOperation.h */ = {isa = PBXFileReference; fileEncoding = 4; lastKnownFileType = sourcecode.c.h; path = AFURLConnectionOperation.h; sourceTree = "<group>"; };
		AFD5F9E7171CDF570071A953 /* AFURLConnectionOperation.m */ = {isa = PBXFileReference; fileEncoding = 4; lastKnownFileType = sourcecode.c.objc; path = AFURLConnectionOperation.m; sourceTree = "<group>"; };
		AFD5F9E8171CDF570071A953 /* AFXMLRequestOperation.h */ = {isa = PBXFileReference; fileEncoding = 4; lastKnownFileType = sourcecode.c.h; path = AFXMLRequestOperation.h; sourceTree = "<group>"; };
		AFD5F9E9171CDF570071A953 /* AFXMLRequestOperation.m */ = {isa = PBXFileReference; fileEncoding = 4; lastKnownFileType = sourcecode.c.objc; path = AFXMLRequestOperation.m; sourceTree = "<group>"; };
		AFD5F9EA171CDF570071A953 /* UIImageView+AFNetworking.h */ = {isa = PBXFileReference; fileEncoding = 4; lastKnownFileType = sourcecode.c.h; path = "UIImageView+AFNetworking.h"; sourceTree = "<group>"; };
		AFD5F9EB171CDF570071A953 /* UIImageView+AFNetworking.m */ = {isa = PBXFileReference; fileEncoding = 4; lastKnownFileType = sourcecode.c.objc; path = "UIImageView+AFNetworking.m"; sourceTree = "<group>"; };
		AFD5F9F3171CDF570071A953 /* Default-568h@2x.png */ = {isa = PBXFileReference; lastKnownFileType = image.png; path = "Default-568h@2x.png"; sourceTree = "<group>"; };
		AFD5F9F4171CDF570071A953 /* Default.png */ = {isa = PBXFileReference; lastKnownFileType = image.png; path = Default.png; sourceTree = "<group>"; };
		AFD5F9F5171CDF570071A953 /* Default@2x.png */ = {isa = PBXFileReference; lastKnownFileType = image.png; path = "Default@2x.png"; sourceTree = "<group>"; };
		AFD5F9FA171CDF570071A953 /* test1.jpg */ = {isa = PBXFileReference; lastKnownFileType = image.jpeg; path = test1.jpg; sourceTree = "<group>"; };
		AFD5F9FB171CDF570071A953 /* test10.jpg */ = {isa = PBXFileReference; lastKnownFileType = image.jpeg; path = test10.jpg; sourceTree = "<group>"; };
		AFD5F9FC171CDF570071A953 /* test2.jpg */ = {isa = PBXFileReference; lastKnownFileType = image.jpeg; path = test2.jpg; sourceTree = "<group>"; };
		AFD5F9FD171CDF570071A953 /* test3.jpg */ = {isa = PBXFileReference; lastKnownFileType = image.jpeg; path = test3.jpg; sourceTree = "<group>"; };
		AFD5F9FE171CDF570071A953 /* test4.jpg */ = {isa = PBXFileReference; lastKnownFileType = image.jpeg; path = test4.jpg; sourceTree = "<group>"; };
		AFD5F9FF171CDF570071A953 /* test5.jpg */ = {isa = PBXFileReference; lastKnownFileType = image.jpeg; path = test5.jpg; sourceTree = "<group>"; };
		AFD5FA00171CDF570071A953 /* test6.jpg */ = {isa = PBXFileReference; lastKnownFileType = image.jpeg; path = test6.jpg; sourceTree = "<group>"; };
		AFD5FA01171CDF570071A953 /* test7.jpg */ = {isa = PBXFileReference; lastKnownFileType = image.jpeg; path = test7.jpg; sourceTree = "<group>"; };
		AFD5FA02171CDF570071A953 /* test8.jpg */ = {isa = PBXFileReference; lastKnownFileType = image.jpeg; path = test8.jpg; sourceTree = "<group>"; };
		AFD5FA03171CDF570071A953 /* test9.jpg */ = {isa = PBXFileReference; lastKnownFileType = image.jpeg; path = test9.jpg; sourceTree = "<group>"; };
		AFF2C7C7171CEAED004F1F5A /* Security.framework */ = {isa = PBXFileReference; lastKnownFileType = wrapper.framework; name = Security.framework; path = System/Library/Frameworks/Security.framework; sourceTree = SDKROOT; };
		AFF2C7C9171CEAF4004F1F5A /* SystemConfiguration.framework */ = {isa = PBXFileReference; lastKnownFileType = wrapper.framework; name = SystemConfiguration.framework; path = System/Library/Frameworks/SystemConfiguration.framework; sourceTree = SDKROOT; };
		AFF2C7CC171CEDC0004F1F5A /* GTMHTTPFetcher.h */ = {isa = PBXFileReference; fileEncoding = 4; lastKnownFileType = sourcecode.c.h; path = GTMHTTPFetcher.h; sourceTree = "<group>"; };
		AFF2C7CD171CEDC0004F1F5A /* GTMHTTPFetcher.m */ = {isa = PBXFileReference; fileEncoding = 4; lastKnownFileType = sourcecode.c.objc; path = GTMHTTPFetcher.m; sourceTree = "<group>"; };
		AFF2C7CE171CEDC0004F1F5A /* GTMOAuth2Authentication.h */ = {isa = PBXFileReference; fileEncoding = 4; lastKnownFileType = sourcecode.c.h; path = GTMOAuth2Authentication.h; sourceTree = "<group>"; };
		AFF2C7CF171CEDC0004F1F5A /* GTMOAuth2Authentication.m */ = {isa = PBXFileReference; fileEncoding = 4; lastKnownFileType = sourcecode.c.objc; path = GTMOAuth2Authentication.m; sourceTree = "<group>"; };
		AFF2C7D0171CEDC0004F1F5A /* GTMOAuth2SignIn.h */ = {isa = PBXFileReference; fileEncoding = 4; lastKnownFileType = sourcecode.c.h; path = GTMOAuth2SignIn.h; sourceTree = "<group>"; };
		AFF2C7D1171CEDC0004F1F5A /* GTMOAuth2SignIn.m */ = {isa = PBXFileReference; fileEncoding = 4; lastKnownFileType = sourcecode.c.objc; path = GTMOAuth2SignIn.m; sourceTree = "<group>"; };
		AFF2C7D2171CEDC0004F1F5A /* GTMOAuth2ViewControllerTouch.h */ = {isa = PBXFileReference; fileEncoding = 4; lastKnownFileType = sourcecode.c.h; path = GTMOAuth2ViewControllerTouch.h; sourceTree = "<group>"; };
		AFF2C7D3171CEDC0004F1F5A /* GTMOAuth2ViewControllerTouch.m */ = {isa = PBXFileReference; fileEncoding = 4; lastKnownFileType = sourcecode.c.objc; path = GTMOAuth2ViewControllerTouch.m; sourceTree = "<group>"; };
		AFF2C7D4171CEDC0004F1F5A /* GTMOAuth2ViewTouch.xib */ = {isa = PBXFileReference; fileEncoding = 4; lastKnownFileType = file.xib; path = GTMOAuth2ViewTouch.xib; sourceTree = "<group>"; };
		AFF2C7DB171D8550004F1F5A /* facebook_icon.png */ = {isa = PBXFileReference; lastKnownFileType = image.png; path = facebook_icon.png; sourceTree = "<group>"; };
		AFF2C7DC171D8550004F1F5A /* facebook_icon@2x.png */ = {isa = PBXFileReference; lastKnownFileType = image.png; path = "facebook_icon@2x.png"; sourceTree = "<group>"; };
		AFF2C7DD171D8550004F1F5A /* google_icon.png */ = {isa = PBXFileReference; lastKnownFileType = image.png; path = google_icon.png; sourceTree = "<group>"; };
		AFF2C7DE171D8550004F1F5A /* google_icon@2x.png */ = {isa = PBXFileReference; lastKnownFileType = image.png; path = "google_icon@2x.png"; sourceTree = "<group>"; };
		AFF2C7DF171D8550004F1F5A /* twitter_icon.png */ = {isa = PBXFileReference; lastKnownFileType = image.png; path = twitter_icon.png; sourceTree = "<group>"; };
		AFF2C7E0171D8550004F1F5A /* twitter_icon@2x.png */ = {isa = PBXFileReference; lastKnownFileType = image.png; path = "twitter_icon@2x.png"; sourceTree = "<group>"; };
		AFF2C7E7171E6251004F1F5A /* FeederTestLogo.png */ = {isa = PBXFileReference; lastKnownFileType = image.png; path = FeederTestLogo.png; sourceTree = "<group>"; };
		AFF2C7E9171E6283004F1F5A /* CLMLoginViewController.h */ = {isa = PBXFileReference; fileEncoding = 4; lastKnownFileType = sourcecode.c.h; path = CLMLoginViewController.h; sourceTree = "<group>"; };
		AFF2C7EA171E6283004F1F5A /* CLMLoginViewController.m */ = {isa = PBXFileReference; fileEncoding = 4; lastKnownFileType = sourcecode.c.objc; path = CLMLoginViewController.m; sourceTree = "<group>"; };
		AFF2C7ED171E62A7004F1F5A /* CLMLoginViewController.xib */ = {isa = PBXFileReference; fileEncoding = 4; lastKnownFileType = file.xib; path = CLMLoginViewController.xib; sourceTree = "<group>"; };
		AFF2C7EF171E635E004F1F5A /* CLMApplicationViewController.h */ = {isa = PBXFileReference; fileEncoding = 4; lastKnownFileType = sourcecode.c.h; path = CLMApplicationViewController.h; sourceTree = "<group>"; };
		AFF2C7F0171E635E004F1F5A /* CLMApplicationViewController.m */ = {isa = PBXFileReference; fileEncoding = 4; lastKnownFileType = sourcecode.c.objc; path = CLMApplicationViewController.m; sourceTree = "<group>"; };
/* End PBXFileReference section */

/* Begin PBXFrameworksBuildPhase section */
		AFB444CF171AEE2700E9A270 /* Frameworks */ = {
			isa = PBXFrameworksBuildPhase;
			buildActionMask = 2147483647;
			files = (
				52AAD213171EF79B00947FB0 /* QuartzCore.framework in Frameworks */,
				AFF2C7CA171CEAF4004F1F5A /* SystemConfiguration.framework in Frameworks */,
				AFF2C7C8171CEAED004F1F5A /* Security.framework in Frameworks */,
				AFB444D6171AEE2700E9A270 /* UIKit.framework in Frameworks */,
				AFB444D8171AEE2700E9A270 /* Foundation.framework in Frameworks */,
				AFB444DA171AEE2700E9A270 /* CoreGraphics.framework in Frameworks */,
			);
			runOnlyForDeploymentPostprocessing = 0;
		};
/* End PBXFrameworksBuildPhase section */

/* Begin PBXGroup section */
		AFB444C9171AEE2700E9A270 = {
			isa = PBXGroup;
			children = (
				AFB444DB171AEE2700E9A270 /* Feeder */,
				AFB444D4171AEE2700E9A270 /* Frameworks */,
				AFB444D3171AEE2700E9A270 /* Products */,
			);
			sourceTree = "<group>";
		};
		AFB444D3171AEE2700E9A270 /* Products */ = {
			isa = PBXGroup;
			children = (
				AFB444D2171AEE2700E9A270 /* Feeder.app */,
			);
			name = Products;
			sourceTree = "<group>";
		};
		AFB444D4171AEE2700E9A270 /* Frameworks */ = {
			isa = PBXGroup;
			children = (
				52AAD212171EF79B00947FB0 /* QuartzCore.framework */,
				AFF2C7C9171CEAF4004F1F5A /* SystemConfiguration.framework */,
				AFF2C7C7171CEAED004F1F5A /* Security.framework */,
				AFB444D5171AEE2700E9A270 /* UIKit.framework */,
				AFB444D7171AEE2700E9A270 /* Foundation.framework */,
				AFB444D9171AEE2700E9A270 /* CoreGraphics.framework */,
			);
			name = Frameworks;
			sourceTree = "<group>";
		};
		AFB444DB171AEE2700E9A270 /* Feeder */ = {
			isa = PBXGroup;
			children = (
				AFD5F9D3171CDF570071A953 /* Classes */,
				AFD5F9F1171CDF570071A953 /* Resources */,
				AFB444DC171AEE2700E9A270 /* Supporting Files */,
			);
			path = Feeder;
			sourceTree = "<group>";
		};
		AFB444DC171AEE2700E9A270 /* Supporting Files */ = {
			isa = PBXGroup;
			children = (
				AFB444DD171AEE2700E9A270 /* Feeder-Info.plist */,
				AFB444DE171AEE2700E9A270 /* InfoPlist.strings */,
				AFB444E1171AEE2700E9A270 /* main.m */,
				AFB444E3171AEE2700E9A270 /* Feeder-Prefix.pch */,
			);
			name = "Supporting Files";
			sourceTree = "<group>";
		};
		AFD5F9D3171CDF570071A953 /* Classes */ = {
			isa = PBXGroup;
			children = (
				AFD5F9D4171CDF570071A953 /* CLMAppDelegate.h */,
				AFD5F9D5171CDF570071A953 /* CLMAppDelegate.m */,
				AFD5F9D6171CDF570071A953 /* Model */,
				AFD5F9D7171CDF570071A953 /* Shared */,
				AFD5F9EC171CDF570071A953 /* ViewControllers */,
				AFD5F9F0171CDF570071A953 /* Views */,
			);
			path = Classes;
			sourceTree = "<group>";
		};
		AFD5F9D6171CDF570071A953 /* Model */ = {
			isa = PBXGroup;
			children = (
			);
			path = Model;
			sourceTree = "<group>";
		};
		AFD5F9D7171CDF570071A953 /* Shared */ = {
			isa = PBXGroup;
			children = (
				AFF2C7CB171CEDC0004F1F5A /* GOAuth */,
				AFD5F9D8171CDF570071A953 /* AFNetworking */,
			);
			path = Shared;
			sourceTree = "<group>";
		};
		AFD5F9D8171CDF570071A953 /* AFNetworking */ = {
			isa = PBXGroup;
			children = (
				AFD5F9D9171CDF570071A953 /* AFHTTPClient.h */,
				AFD5F9DA171CDF570071A953 /* AFHTTPClient.m */,
				AFD5F9DB171CDF570071A953 /* AFHTTPRequestOperation.h */,
				AFD5F9DC171CDF570071A953 /* AFHTTPRequestOperation.m */,
				AFD5F9DD171CDF570071A953 /* AFImageRequestOperation.h */,
				AFD5F9DE171CDF570071A953 /* AFImageRequestOperation.m */,
				AFD5F9DF171CDF570071A953 /* AFJSONRequestOperation.h */,
				AFD5F9E0171CDF570071A953 /* AFJSONRequestOperation.m */,
				AFD5F9E1171CDF570071A953 /* AFNetworkActivityIndicatorManager.h */,
				AFD5F9E2171CDF570071A953 /* AFNetworkActivityIndicatorManager.m */,
				AFD5F9E3171CDF570071A953 /* AFNetworking.h */,
				AFD5F9E4171CDF570071A953 /* AFPropertyListRequestOperation.h */,
				AFD5F9E5171CDF570071A953 /* AFPropertyListRequestOperation.m */,
				AFD5F9E6171CDF570071A953 /* AFURLConnectionOperation.h */,
				AFD5F9E7171CDF570071A953 /* AFURLConnectionOperation.m */,
				AFD5F9E8171CDF570071A953 /* AFXMLRequestOperation.h */,
				AFD5F9E9171CDF570071A953 /* AFXMLRequestOperation.m */,
				AFD5F9EA171CDF570071A953 /* UIImageView+AFNetworking.h */,
				AFD5F9EB171CDF570071A953 /* UIImageView+AFNetworking.m */,
			);
			path = AFNetworking;
			sourceTree = "<group>";
		};
		AFD5F9EC171CDF570071A953 /* ViewControllers */ = {
			isa = PBXGroup;
			children = (
				AFD5F9ED171CDF570071A953 /* ApplicationViewController */,
				AFD5F9EE171CDF570071A953 /* Login */,
				AFD5F9EF171CDF570071A953 /* SplashScreen */,
			);
			path = ViewControllers;
			sourceTree = "<group>";
		};
		AFD5F9ED171CDF570071A953 /* ApplicationViewController */ = {
			isa = PBXGroup;
			children = (
				AFF2C7EF171E635E004F1F5A /* CLMApplicationViewController.h */,
				AFF2C7F0171E635E004F1F5A /* CLMApplicationViewController.m */,
			);
			path = ApplicationViewController;
			sourceTree = "<group>";
		};
		AFD5F9EE171CDF570071A953 /* Login */ = {
			isa = PBXGroup;
			children = (
				AFF2C7E9171E6283004F1F5A /* CLMLoginViewController.h */,
				AFF2C7EA171E6283004F1F5A /* CLMLoginViewController.m */,
			);
			path = Login;
			sourceTree = "<group>";
		};
		AFD5F9EF171CDF570071A953 /* SplashScreen */ = {
			isa = PBXGroup;
			children = (
			);
			path = SplashScreen;
			sourceTree = "<group>";
		};
		AFD5F9F0171CDF570071A953 /* Views */ = {
			isa = PBXGroup;
			children = (
			);
			path = Views;
			sourceTree = "<group>";
		};
		AFD5F9F1171CDF570071A953 /* Resources */ = {
			isa = PBXGroup;
			children = (
				AFD5F9F2171CDF570071A953 /* Defaults */,
				AFD5F9F6171CDF570071A953 /* Fonts */,
				AFD5F9F7171CDF570071A953 /* Images */,
				AFD5FA04171CDF570071A953 /* Nibs */,
			);
			path = Resources;
			sourceTree = "<group>";
		};
		AFD5F9F2171CDF570071A953 /* Defaults */ = {
			isa = PBXGroup;
			children = (
				AFD5F9F3171CDF570071A953 /* Default-568h@2x.png */,
				AFD5F9F4171CDF570071A953 /* Default.png */,
				AFD5F9F5171CDF570071A953 /* Default@2x.png */,
			);
			path = Defaults;
			sourceTree = "<group>";
		};
		AFD5F9F6171CDF570071A953 /* Fonts */ = {
			isa = PBXGroup;
			children = (
			);
			path = Fonts;
			sourceTree = "<group>";
		};
		AFD5F9F7171CDF570071A953 /* Images */ = {
			isa = PBXGroup;
			children = (
				AFD5F9F8171CDF570071A953 /* Login */,
			);
			path = Images;
			sourceTree = "<group>";
		};
		AFD5F9F8171CDF570071A953 /* Login */ = {
			isa = PBXGroup;
			children = (
				AFF2C7DA171D8550004F1F5A /* Icons */,
				AFD5F9F9171CDF570071A953 /* TestPhotos */,
			);
			path = Login;
			sourceTree = "<group>";
		};
		AFD5F9F9171CDF570071A953 /* TestPhotos */ = {
			isa = PBXGroup;
			children = (
				AFD5F9FA171CDF570071A953 /* test1.jpg */,
				AFD5F9FB171CDF570071A953 /* test10.jpg */,
				AFD5F9FC171CDF570071A953 /* test2.jpg */,
				AFD5F9FD171CDF570071A953 /* test3.jpg */,
				AFD5F9FE171CDF570071A953 /* test4.jpg */,
				AFD5F9FF171CDF570071A953 /* test5.jpg */,
				AFD5FA00171CDF570071A953 /* test6.jpg */,
				AFD5FA01171CDF570071A953 /* test7.jpg */,
				AFD5FA02171CDF570071A953 /* test8.jpg */,
				AFD5FA03171CDF570071A953 /* test9.jpg */,
			);
			path = TestPhotos;
			sourceTree = "<group>";
		};
		AFD5FA04171CDF570071A953 /* Nibs */ = {
			isa = PBXGroup;
			children = (
				AFF2C7EC171E6298004F1F5A /* Login */,
			);
			path = Nibs;
			sourceTree = "<group>";
		};
		AFF2C7CB171CEDC0004F1F5A /* GOAuth */ = {
			isa = PBXGroup;
			children = (
				AFF2C7CC171CEDC0004F1F5A /* GTMHTTPFetcher.h */,
				AFF2C7CD171CEDC0004F1F5A /* GTMHTTPFetcher.m */,
				AFF2C7CE171CEDC0004F1F5A /* GTMOAuth2Authentication.h */,
				AFF2C7CF171CEDC0004F1F5A /* GTMOAuth2Authentication.m */,
				AFF2C7D0171CEDC0004F1F5A /* GTMOAuth2SignIn.h */,
				AFF2C7D1171CEDC0004F1F5A /* GTMOAuth2SignIn.m */,
				AFF2C7D2171CEDC0004F1F5A /* GTMOAuth2ViewControllerTouch.h */,
				AFF2C7D3171CEDC0004F1F5A /* GTMOAuth2ViewControllerTouch.m */,
				AFF2C7D4171CEDC0004F1F5A /* GTMOAuth2ViewTouch.xib */,
			);
			path = GOAuth;
			sourceTree = "<group>";
		};
		AFF2C7DA171D8550004F1F5A /* Icons */ = {
			isa = PBXGroup;
			children = (
				52AAD214171F016B00947FB0 /* FeederTest.png */,
				AFF2C7E7171E6251004F1F5A /* FeederTestLogo.png */,
				AFF2C7DB171D8550004F1F5A /* facebook_icon.png */,
				AFF2C7DC171D8550004F1F5A /* facebook_icon@2x.png */,
				AFF2C7DD171D8550004F1F5A /* google_icon.png */,
				AFF2C7DE171D8550004F1F5A /* google_icon@2x.png */,
				AFF2C7DF171D8550004F1F5A /* twitter_icon.png */,
				AFF2C7E0171D8550004F1F5A /* twitter_icon@2x.png */,
			);
			path = Icons;
			sourceTree = "<group>";
		};
		AFF2C7EC171E6298004F1F5A /* Login */ = {
			isa = PBXGroup;
			children = (
				AFF2C7ED171E62A7004F1F5A /* CLMLoginViewController.xib */,
			);
			path = Login;
			sourceTree = "<group>";
		};
/* End PBXGroup section */

/* Begin PBXNativeTarget section */
		AFB444D1171AEE2700E9A270 /* Feeder */ = {
			isa = PBXNativeTarget;
			buildConfigurationList = AFB444EF171AEE2700E9A270 /* Build configuration list for PBXNativeTarget "Feeder" */;
			buildPhases = (
				AFB444CE171AEE2700E9A270 /* Sources */,
				AFB444CF171AEE2700E9A270 /* Frameworks */,
				AFB444D0171AEE2700E9A270 /* Resources */,
			);
			buildRules = (
			);
			dependencies = (
			);
			name = Feeder;
			productName = Feeder;
			productReference = AFB444D2171AEE2700E9A270 /* Feeder.app */;
			productType = "com.apple.product-type.application";
		};
/* End PBXNativeTarget section */

/* Begin PBXProject section */
		AFB444CA171AEE2700E9A270 /* Project object */ = {
			isa = PBXProject;
			attributes = {
				CLASSPREFIX = CLM;
				LastUpgradeCheck = 0460;
				ORGANIZATIONNAME = "Andrew Hulsizer";
			};
			buildConfigurationList = AFB444CD171AEE2700E9A270 /* Build configuration list for PBXProject "Feeder" */;
			compatibilityVersion = "Xcode 3.2";
			developmentRegion = English;
			hasScannedForEncodings = 0;
			knownRegions = (
				en,
			);
			mainGroup = AFB444C9171AEE2700E9A270;
			productRefGroup = AFB444D3171AEE2700E9A270 /* Products */;
			projectDirPath = "";
			projectRoot = "";
			targets = (
				AFB444D1171AEE2700E9A270 /* Feeder */,
			);
		};
/* End PBXProject section */

/* Begin PBXResourcesBuildPhase section */
		AFB444D0171AEE2700E9A270 /* Resources */ = {
			isa = PBXResourcesBuildPhase;
			buildActionMask = 2147483647;
			files = (
				AFB444E0171AEE2700E9A270 /* InfoPlist.strings in Resources */,
				AFD5FA0F171CDF570071A953 /* Default-568h@2x.png in Resources */,
				AFD5FA10171CDF570071A953 /* Default.png in Resources */,
				AFD5FA11171CDF570071A953 /* Default@2x.png in Resources */,
				AFD5FA12171CDF570071A953 /* test1.jpg in Resources */,
				AFD5FA13171CDF570071A953 /* test10.jpg in Resources */,
				AFD5FA14171CDF570071A953 /* test2.jpg in Resources */,
				AFD5FA15171CDF570071A953 /* test3.jpg in Resources */,
				AFD5FA16171CDF570071A953 /* test4.jpg in Resources */,
				AFD5FA17171CDF570071A953 /* test5.jpg in Resources */,
				AFD5FA18171CDF570071A953 /* test6.jpg in Resources */,
				AFD5FA19171CDF570071A953 /* test7.jpg in Resources */,
				AFD5FA1A171CDF570071A953 /* test8.jpg in Resources */,
				AFD5FA1B171CDF570071A953 /* test9.jpg in Resources */,
				AFF2C7D9171CEDC0004F1F5A /* GTMOAuth2ViewTouch.xib in Resources */,
				AFF2C7E1171D8550004F1F5A /* facebook_icon.png in Resources */,
				AFF2C7E2171D8550004F1F5A /* facebook_icon@2x.png in Resources */,
				AFF2C7E3171D8550004F1F5A /* google_icon.png in Resources */,
				AFF2C7E4171D8550004F1F5A /* google_icon@2x.png in Resources */,
				AFF2C7E5171D8550004F1F5A /* twitter_icon.png in Resources */,
				AFF2C7E6171D8550004F1F5A /* twitter_icon@2x.png in Resources */,
				AFF2C7E8171E6251004F1F5A /* FeederTestLogo.png in Resources */,
				AFF2C7EE171E62A7004F1F5A /* CLMLoginViewController.xib in Resources */,
				52AAD215171F016C00947FB0 /* FeederTest.png in Resources */,
			);
			runOnlyForDeploymentPostprocessing = 0;
		};
/* End PBXResourcesBuildPhase section */

/* Begin PBXSourcesBuildPhase section */
		AFB444CE171AEE2700E9A270 /* Sources */ = {
			isa = PBXSourcesBuildPhase;
			buildActionMask = 2147483647;
			files = (
				AFB444E2171AEE2700E9A270 /* main.m in Sources */,
				AFD5FA05171CDF570071A953 /* CLMAppDelegate.m in Sources */,
				AFD5FA06171CDF570071A953 /* AFHTTPClient.m in Sources */,
				AFD5FA07171CDF570071A953 /* AFHTTPRequestOperation.m in Sources */,
				AFD5FA08171CDF570071A953 /* AFImageRequestOperation.m in Sources */,
				AFD5FA09171CDF570071A953 /* AFJSONRequestOperation.m in Sources */,
				AFD5FA0A171CDF570071A953 /* AFNetworkActivityIndicatorManager.m in Sources */,
				AFD5FA0B171CDF570071A953 /* AFPropertyListRequestOperation.m in Sources */,
				AFD5FA0C171CDF570071A953 /* AFURLConnectionOperation.m in Sources */,
				AFD5FA0D171CDF570071A953 /* AFXMLRequestOperation.m in Sources */,
				AFD5FA0E171CDF570071A953 /* UIImageView+AFNetworking.m in Sources */,
				AFF2C7D5171CEDC0004F1F5A /* GTMHTTPFetcher.m in Sources */,
				AFF2C7D6171CEDC0004F1F5A /* GTMOAuth2Authentication.m in Sources */,
				AFF2C7D7171CEDC0004F1F5A /* GTMOAuth2SignIn.m in Sources */,
				AFF2C7D8171CEDC0004F1F5A /* GTMOAuth2ViewControllerTouch.m in Sources */,
				AFF2C7EB171E6283004F1F5A /* CLMLoginViewController.m in Sources */,
				AFF2C7F1171E635E004F1F5A /* CLMApplicationViewController.m in Sources */,
			);
			runOnlyForDeploymentPostprocessing = 0;
		};
/* End PBXSourcesBuildPhase section */

/* Begin PBXVariantGroup section */
		AFB444DE171AEE2700E9A270 /* InfoPlist.strings */ = {
			isa = PBXVariantGroup;
			children = (
				AFB444DF171AEE2700E9A270 /* en */,
			);
			name = InfoPlist.strings;
			sourceTree = "<group>";
		};
/* End PBXVariantGroup section */

/* Begin XCBuildConfiguration section */
		AFB444ED171AEE2700E9A270 /* Debug */ = {
			isa = XCBuildConfiguration;
			buildSettings = {
				ALWAYS_SEARCH_USER_PATHS = NO;
				CLANG_CXX_LANGUAGE_STANDARD = "gnu++0x";
				CLANG_CXX_LIBRARY = "libc++";
				CLANG_ENABLE_OBJC_ARC = YES;
				CLANG_WARN_CONSTANT_CONVERSION = YES;
				CLANG_WARN_EMPTY_BODY = YES;
				CLANG_WARN_ENUM_CONVERSION = YES;
				CLANG_WARN_INT_CONVERSION = YES;
				CLANG_WARN__DUPLICATE_METHOD_MATCH = YES;
				CODE_SIGN_IDENTITY = "iPhone Developer";
				"CODE_SIGN_IDENTITY[sdk=iphoneos*]" = "iPhone Developer: Mark Hulsizer (6D8G83KH6G)";
				COPY_PHASE_STRIP = NO;
				GCC_C_LANGUAGE_STANDARD = gnu99;
				GCC_DYNAMIC_NO_PIC = NO;
				GCC_OPTIMIZATION_LEVEL = 0;
				GCC_PREPROCESSOR_DEFINITIONS = (
					"DEBUG=1",
					"$(inherited)",
				);
				GCC_SYMBOLS_PRIVATE_EXTERN = NO;
				GCC_WARN_ABOUT_RETURN_TYPE = YES;
				GCC_WARN_UNINITIALIZED_AUTOS = YES;
				GCC_WARN_UNUSED_VARIABLE = YES;
				IPHONEOS_DEPLOYMENT_TARGET = 6.1;
				ONLY_ACTIVE_ARCH = YES;
				PROVISIONING_PROFILE = "";
				"PROVISIONING_PROFILE[sdk=iphoneos*]" = "16F0625D-E161-4FB5-A687-20A61F2A72B9";
				SDKROOT = iphoneos;
			};
			name = Debug;
		};
		AFB444EE171AEE2700E9A270 /* Release */ = {
			isa = XCBuildConfiguration;
			buildSettings = {
				ALWAYS_SEARCH_USER_PATHS = NO;
				CLANG_CXX_LANGUAGE_STANDARD = "gnu++0x";
				CLANG_CXX_LIBRARY = "libc++";
				CLANG_ENABLE_OBJC_ARC = YES;
				CLANG_WARN_CONSTANT_CONVERSION = YES;
				CLANG_WARN_EMPTY_BODY = YES;
				CLANG_WARN_ENUM_CONVERSION = YES;
				CLANG_WARN_INT_CONVERSION = YES;
				CLANG_WARN__DUPLICATE_METHOD_MATCH = YES;
				CODE_SIGN_IDENTITY = "iPhone Developer";
				"CODE_SIGN_IDENTITY[sdk=iphoneos*]" = "iPhone Developer: Mark Hulsizer (6D8G83KH6G)";
				COPY_PHASE_STRIP = YES;
				GCC_C_LANGUAGE_STANDARD = gnu99;
				GCC_WARN_ABOUT_RETURN_TYPE = YES;
				GCC_WARN_UNINITIALIZED_AUTOS = YES;
				GCC_WARN_UNUSED_VARIABLE = YES;
				IPHONEOS_DEPLOYMENT_TARGET = 6.1;
				OTHER_CFLAGS = "-DNS_BLOCK_ASSERTIONS=1";
				PROVISIONING_PROFILE = "";
				"PROVISIONING_PROFILE[sdk=iphoneos*]" = "16F0625D-E161-4FB5-A687-20A61F2A72B9";
				SDKROOT = iphoneos;
				VALIDATE_PRODUCT = YES;
			};
			name = Release;
		};
		AFB444F0171AEE2700E9A270 /* Debug */ = {
			isa = XCBuildConfiguration;
			buildSettings = {
				GCC_PRECOMPILE_PREFIX_HEADER = YES;
				GCC_PREFIX_HEADER = "Feeder/Feeder-Prefix.pch";
				INFOPLIST_FILE = "Feeder/Feeder-Info.plist";
				OTHER_LDFLAGS = "-ObjC";
				PRODUCT_NAME = "$(TARGET_NAME)";
				WRAPPER_EXTENSION = app;
			};
			name = Debug;
		};
		AFB444F1171AEE2700E9A270 /* Release */ = {
			isa = XCBuildConfiguration;
			buildSettings = {
				GCC_PRECOMPILE_PREFIX_HEADER = YES;
				GCC_PREFIX_HEADER = "Feeder/Feeder-Prefix.pch";
				INFOPLIST_FILE = "Feeder/Feeder-Info.plist";
				OTHER_LDFLAGS = "-ObjC";
				PRODUCT_NAME = "$(TARGET_NAME)";
				WRAPPER_EXTENSION = app;
			};
			name = Release;
		};
/* End XCBuildConfiguration section */

/* Begin XCConfigurationList section */
		AFB444CD171AEE2700E9A270 /* Build configuration list for PBXProject "Feeder" */ = {
			isa = XCConfigurationList;
			buildConfigurations = (
				AFB444ED171AEE2700E9A270 /* Debug */,
				AFB444EE171AEE2700E9A270 /* Release */,
			);
			defaultConfigurationIsVisible = 0;
			defaultConfigurationName = Release;
		};
		AFB444EF171AEE2700E9A270 /* Build configuration list for PBXNativeTarget "Feeder" */ = {
			isa = XCConfigurationList;
			buildConfigurations = (
				AFB444F0171AEE2700E9A270 /* Debug */,
				AFB444F1171AEE2700E9A270 /* Release */,
			);
			defaultConfigurationIsVisible = 0;
			defaultConfigurationName = Release;
		};
/* End XCConfigurationList section */
	};
	rootObject = AFB444CA171AEE2700E9A270 /* Project object */;
}
